
Microsoft Visual Studio Solution File, Format Version 12.00
# Visual Studio Version 16
VisualStudioVersion = 16.0.31005.135
MinimumVisualStudioVersion = 10.0.40219.1
Project("{8BC9CEB8-8B4A-11D0-8D11-00A0C91BC942}") = "5", "5.vcxproj", "{0F97E889-70A6-42A4-BEFD-AAF2CDFB378A}"
EndProject
Global
	GlobalSection(SolutionConfigurationPlatforms) = preSolution
		Debug|x64 = Debug|x64
		Debug|x86 = Debug|x86
		Release|x64 = Release|x64
		Release|x86 = Release|x86
	EndGlobalSection
	GlobalSection(ProjectConfigurationPlatforms) = postSolution
		{0F97E889-70A6-42A4-BEFD-AAF2CDFB378A}.Debug|x64.ActiveCfg = Debug|x64
		{0F97E889-70A6-42A4-BEFD-AAF2CDFB378A}.Debug|x64.Build.0 = Debug|x64
		{0F97E889-70A6-42A4-BEFD-AAF2CDFB378A}.Debug|x86.ActiveCfg = Debug|Win32
		{0F97E889-70A6-42A4-BEFD-AAF2CDFB378A}.Debug|x86.Build.0 = Debug|Win32
		{0F97E889-70A6-42A4-BEFD-AAF2CDFB378A}.Release|x64.ActiveCfg = Release|x64
		{0F97E889-70A6-42A4-BEFD-AAF2CDFB378A}.Release|x64.Build.0 = Release|x64
		{0F97E889-70A6-42A4-BEFD-AAF2CDFB378A}.Release|x86.ActiveCfg = Release|Win32
		{0F97E889-70A6-42A4-BEFD-AAF2CDFB378A}.Release|x86.Build.0 = Release|Win32
	EndGlobalSection
	GlobalSection(SolutionProperties) = preSolution
		HideSolutionNode = FALSE
	EndGlobalSection
	GlobalSection(ExtensibilityGlobals) = postSolution
		SolutionGuid = {549196EC-E2B5-403A-8D1F-B77F962CFF67}
	EndGlobalSection
EndGlobal
