
Microsoft Visual Studio Solution File, Format Version 12.00
# Visual Studio Version 16
VisualStudioVersion = 16.0.31005.135
MinimumVisualStudioVersion = 10.0.40219.1
Project("{8BC9CEB8-8B4A-11D0-8D11-00A0C91BC942}") = "18", "18.vcxproj", "{3C9738AB-9143-42F6-8EB8-A9CE33C0FF99}"
EndProject
Global
	GlobalSection(SolutionConfigurationPlatforms) = preSolution
		Debug|x64 = Debug|x64
		Debug|x86 = Debug|x86
		Release|x64 = Release|x64
		Release|x86 = Release|x86
	EndGlobalSection
	GlobalSection(ProjectConfigurationPlatforms) = postSolution
		{3C9738AB-9143-42F6-8EB8-A9CE33C0FF99}.Debug|x64.ActiveCfg = Debug|x64
		{3C9738AB-9143-42F6-8EB8-A9CE33C0FF99}.Debug|x64.Build.0 = Debug|x64
		{3C9738AB-9143-42F6-8EB8-A9CE33C0FF99}.Debug|x86.ActiveCfg = Debug|Win32
		{3C9738AB-9143-42F6-8EB8-A9CE33C0FF99}.Debug|x86.Build.0 = Debug|Win32
		{3C9738AB-9143-42F6-8EB8-A9CE33C0FF99}.Release|x64.ActiveCfg = Release|x64
		{3C9738AB-9143-42F6-8EB8-A9CE33C0FF99}.Release|x64.Build.0 = Release|x64
		{3C9738AB-9143-42F6-8EB8-A9CE33C0FF99}.Release|x86.ActiveCfg = Release|Win32
		{3C9738AB-9143-42F6-8EB8-A9CE33C0FF99}.Release|x86.Build.0 = Release|Win32
	EndGlobalSection
	GlobalSection(SolutionProperties) = preSolution
		HideSolutionNode = FALSE
	EndGlobalSection
	GlobalSection(ExtensibilityGlobals) = postSolution
		SolutionGuid = {DD35D9EC-A5A4-408C-92A4-C3D07D34CBC1}
	EndGlobalSection
EndGlobal
