
Microsoft Visual Studio Solution File, Format Version 12.00
# Visual Studio Version 16
VisualStudioVersion = 16.0.31005.135
MinimumVisualStudioVersion = 10.0.40219.1
Project("{8BC9CEB8-8B4A-11D0-8D11-00A0C91BC942}") = "2", "2.vcxproj", "{747774E1-455A-4CA3-BC0B-93D0A6AFB7E9}"
EndProject
Global
	GlobalSection(SolutionConfigurationPlatforms) = preSolution
		Debug|x64 = Debug|x64
		Debug|x86 = Debug|x86
		Release|x64 = Release|x64
		Release|x86 = Release|x86
	EndGlobalSection
	GlobalSection(ProjectConfigurationPlatforms) = postSolution
		{747774E1-455A-4CA3-BC0B-93D0A6AFB7E9}.Debug|x64.ActiveCfg = Debug|x64
		{747774E1-455A-4CA3-BC0B-93D0A6AFB7E9}.Debug|x64.Build.0 = Debug|x64
		{747774E1-455A-4CA3-BC0B-93D0A6AFB7E9}.Debug|x86.ActiveCfg = Debug|Win32
		{747774E1-455A-4CA3-BC0B-93D0A6AFB7E9}.Debug|x86.Build.0 = Debug|Win32
		{747774E1-455A-4CA3-BC0B-93D0A6AFB7E9}.Release|x64.ActiveCfg = Release|x64
		{747774E1-455A-4CA3-BC0B-93D0A6AFB7E9}.Release|x64.Build.0 = Release|x64
		{747774E1-455A-4CA3-BC0B-93D0A6AFB7E9}.Release|x86.ActiveCfg = Release|Win32
		{747774E1-455A-4CA3-BC0B-93D0A6AFB7E9}.Release|x86.Build.0 = Release|Win32
	EndGlobalSection
	GlobalSection(SolutionProperties) = preSolution
		HideSolutionNode = FALSE
	EndGlobalSection
	GlobalSection(ExtensibilityGlobals) = postSolution
		SolutionGuid = {5FBA4BA8-5558-405D-855B-B98BB24D8E0F}
	EndGlobalSection
EndGlobal
