
Microsoft Visual Studio Solution File, Format Version 12.00
# Visual Studio Version 16
VisualStudioVersion = 16.0.31005.135
MinimumVisualStudioVersion = 10.0.40219.1
Project("{8BC9CEB8-8B4A-11D0-8D11-00A0C91BC942}") = "11", "11.vcxproj", "{60628A8A-4AC8-4767-A2DA-29DE195CBCFE}"
EndProject
Global
	GlobalSection(SolutionConfigurationPlatforms) = preSolution
		Debug|x64 = Debug|x64
		Debug|x86 = Debug|x86
		Release|x64 = Release|x64
		Release|x86 = Release|x86
	EndGlobalSection
	GlobalSection(ProjectConfigurationPlatforms) = postSolution
		{60628A8A-4AC8-4767-A2DA-29DE195CBCFE}.Debug|x64.ActiveCfg = Debug|x64
		{60628A8A-4AC8-4767-A2DA-29DE195CBCFE}.Debug|x64.Build.0 = Debug|x64
		{60628A8A-4AC8-4767-A2DA-29DE195CBCFE}.Debug|x86.ActiveCfg = Debug|Win32
		{60628A8A-4AC8-4767-A2DA-29DE195CBCFE}.Debug|x86.Build.0 = Debug|Win32
		{60628A8A-4AC8-4767-A2DA-29DE195CBCFE}.Release|x64.ActiveCfg = Release|x64
		{60628A8A-4AC8-4767-A2DA-29DE195CBCFE}.Release|x64.Build.0 = Release|x64
		{60628A8A-4AC8-4767-A2DA-29DE195CBCFE}.Release|x86.ActiveCfg = Release|Win32
		{60628A8A-4AC8-4767-A2DA-29DE195CBCFE}.Release|x86.Build.0 = Release|Win32
	EndGlobalSection
	GlobalSection(SolutionProperties) = preSolution
		HideSolutionNode = FALSE
	EndGlobalSection
	GlobalSection(ExtensibilityGlobals) = postSolution
		SolutionGuid = {AB60C28F-54A3-49AB-91BA-169BB189B9D8}
	EndGlobalSection
EndGlobal
